// !$*UTF8*$!
{
	archiveVersion = 1;
	classes = {
	};
	objectVersion = 48;
	objects = {

/* Begin PBXBuildFile section */
		98218F73202276F400D65B17 /* AppDelegate.swift in Sources */ = {isa = PBXBuildFile; fileRef = 98218F72202276F400D65B17 /* AppDelegate.swift */; };
		98218F75202276F400D65B17 /* ViewController.swift in Sources */ = {isa = PBXBuildFile; fileRef = 98218F74202276F400D65B17 /* ViewController.swift */; };
		98218F78202276F500D65B17 /* Main.storyboard in Resources */ = {isa = PBXBuildFile; fileRef = 98218F76202276F500D65B17 /* Main.storyboard */; };
		98218F7A202276F500D65B17 /* Assets.xcassets in Resources */ = {isa = PBXBuildFile; fileRef = 98218F79202276F500D65B17 /* Assets.xcassets */; };
		98218F7D202276F500D65B17 /* LaunchScreen.storyboard in Resources */ = {isa = PBXBuildFile; fileRef = 98218F7B202276F500D65B17 /* LaunchScreen.storyboard */; };
		98218F88202276F500D65B17 /* flix_demo_03Tests.swift in Sources */ = {isa = PBXBuildFile; fileRef = 98218F87202276F500D65B17 /* flix_demo_03Tests.swift */; };
		98218F93202276F500D65B17 /* flix_demo_03UITests.swift in Sources */ = {isa = PBXBuildFile; fileRef = 98218F92202276F500D65B17 /* flix_demo_03UITests.swift */; };
/* End PBXBuildFile section */

/* Begin PBXContainerItemProxy section */
		98218F84202276F500D65B17 /* PBXContainerItemProxy */ = {
			isa = PBXContainerItemProxy;
			containerPortal = 98218F67202276F400D65B17 /* Project object */;
			proxyType = 1;
			remoteGlobalIDString = 98218F6E202276F400D65B17;
			remoteInfo = flix_demo_03;
		};
		98218F8F202276F500D65B17 /* PBXContainerItemProxy */ = {
			isa = PBXContainerItemProxy;
			containerPortal = 98218F67202276F400D65B17 /* Project object */;
			proxyType = 1;
			remoteGlobalIDString = 98218F6E202276F400D65B17;
			remoteInfo = flix_demo_03;
		};
/* End PBXContainerItemProxy section */

/* Begin PBXFileReference section */
		98218F6F202276F400D65B17 /* flix_demo_03.app */ = {isa = PBXFileReference; explicitFileType = wrapper.application; includeInIndex = 0; path = flix_demo_03.app; sourceTree = BUILT_PRODUCTS_DIR; };
		98218F72202276F400D65B17 /* AppDelegate.swift */ = {isa = PBXFileReference; lastKnownFileType = sourcecode.swift; path = AppDelegate.swift; sourceTree = "<group>"; };
		98218F74202276F400D65B17 /* ViewController.swift */ = {isa = PBXFileReference; lastKnownFileType = sourcecode.swift; path = ViewController.swift; sourceTree = "<group>"; };
		98218F77202276F500D65B17 /* Base */ = {isa = PBXFileReference; lastKnownFileType = file.storyboard; name = Base; path = Base.lproj/Main.storyboard; sourceTree = "<group>"; };
		98218F79202276F500D65B17 /* Assets.xcassets */ = {isa = PBXFileReference; lastKnownFileType = folder.assetcatalog; path = Assets.xcassets; sourceTree = "<group>"; };
		98218F7C202276F500D65B17 /* Base */ = {isa = PBXFileReference; lastKnownFileType = file.storyboard; name = Base; path = Base.lproj/LaunchScreen.storyboard; sourceTree = "<group>"; };
		98218F7E202276F500D65B17 /* Info.plist */ = {isa = PBXFileReference; lastKnownFileType = text.plist.xml; path = Info.plist; sourceTree = "<group>"; };
		98218F83202276F500D65B17 /* flix_demo_03Tests.xctest */ = {isa = PBXFileReference; explicitFileType = wrapper.cfbundle; includeInIndex = 0; path = flix_demo_03Tests.xctest; sourceTree = BUILT_PRODUCTS_DIR; };
		98218F87202276F500D65B17 /* flix_demo_03Tests.swift */ = {isa = PBXFileReference; lastKnownFileType = sourcecode.swift; path = flix_demo_03Tests.swift; sourceTree = "<group>"; };
		98218F89202276F500D65B17 /* Info.plist */ = {isa = PBXFileReference; lastKnownFileType = text.plist.xml; path = Info.plist; sourceTree = "<group>"; };
		98218F8E202276F500D65B17 /* flix_demo_03UITests.xctest */ = {isa = PBXFileReference; explicitFileType = wrapper.cfbundle; includeInIndex = 0; path = flix_demo_03UITests.xctest; sourceTree = BUILT_PRODUCTS_DIR; };
		98218F92202276F500D65B17 /* flix_demo_03UITests.swift */ = {isa = PBXFileReference; lastKnownFileType = sourcecode.swift; path = flix_demo_03UITests.swift; sourceTree = "<group>"; };
		98218F94202276F500D65B17 /* Info.plist */ = {isa = PBXFileReference; lastKnownFileType = text.plist.xml; path = Info.plist; sourceTree = "<group>"; };
/* End PBXFileReference section */

/* Begin PBXFrameworksBuildPhase section */
		98218F6C202276F400D65B17 /* Frameworks */ = {
			isa = PBXFrameworksBuildPhase;
			buildActionMask = 2147483647;
			files = (
			);
			runOnlyForDeploymentPostprocessing = 0;
		};
		98218F80202276F500D65B17 /* Frameworks */ = {
			isa = PBXFrameworksBuildPhase;
			buildActionMask = 2147483647;
			files = (
			);
			runOnlyForDeploymentPostprocessing = 0;
		};
		98218F8B202276F500D65B17 /* Frameworks */ = {
			isa = PBXFrameworksBuildPhase;
			buildActionMask = 2147483647;
			files = (
			);
			runOnlyForDeploymentPostprocessing = 0;
		};
/* End PBXFrameworksBuildPhase section */

/* Begin PBXGroup section */
		98218F66202276F400D65B17 = {
			isa = PBXGroup;
			children = (
				98218F71202276F400D65B17 /* flix_demo_03 */,
				98218F86202276F500D65B17 /* flix_demo_03Tests */,
				98218F91202276F500D65B17 /* flix_demo_03UITests */,
				98218F70202276F400D65B17 /* Products */,
			);
			sourceTree = "<group>";
		};
		98218F70202276F400D65B17 /* Products */ = {
			isa = PBXGroup;
			children = (
				98218F6F202276F400D65B17 /* flix_demo_03.app */,
				98218F83202276F500D65B17 /* flix_demo_03Tests.xctest */,
				98218F8E202276F500D65B17 /* flix_demo_03UITests.xctest */,
			);
			name = Products;
			sourceTree = "<group>";
		};
		98218F71202276F400D65B17 /* flix_demo_03 */ = {
			isa = PBXGroup;
			children = (
				98218F72202276F400D65B17 /* AppDelegate.swift */,
				98218F74202276F400D65B17 /* ViewController.swift */,
				98218F76202276F500D65B17 /* Main.storyboard */,
				98218F79202276F500D65B17 /* Assets.xcassets */,
				98218F7B202276F500D65B17 /* LaunchScreen.storyboard */,
				98218F7E202276F500D65B17 /* Info.plist */,
			);
			path = flix_demo_03;
			sourceTree = "<group>";
		};
		98218F86202276F500D65B17 /* flix_demo_03Tests */ = {
			isa = PBXGroup;
			children = (
				98218F87202276F500D65B17 /* flix_demo_03Tests.swift */,
				98218F89202276F500D65B17 /* Info.plist */,
			);
			path = flix_demo_03Tests;
			sourceTree = "<group>";
		};
		98218F91202276F500D65B17 /* flix_demo_03UITests */ = {
			isa = PBXGroup;
			children = (
				98218F92202276F500D65B17 /* flix_demo_03UITests.swift */,
				98218F94202276F500D65B17 /* Info.plist */,
			);
			path = flix_demo_03UITests;
			sourceTree = "<group>";
		};
/* End PBXGroup section */

/* Begin PBXNativeTarget section */
		98218F6E202276F400D65B17 /* flix_demo_03 */ = {
			isa = PBXNativeTarget;
			buildConfigurationList = 98218F97202276F500D65B17 /* Build configuration list for PBXNativeTarget "flix_demo_03" */;
			buildPhases = (
				98218F6B202276F400D65B17 /* Sources */,
				98218F6C202276F400D65B17 /* Frameworks */,
				98218F6D202276F400D65B17 /* Resources */,
			);
			buildRules = (
			);
			dependencies = (
			);
			name = flix_demo_03;
			productName = flix_demo_03;
			productReference = 98218F6F202276F400D65B17 /* flix_demo_03.app */;
			productType = "com.apple.product-type.application";
		};
		98218F82202276F500D65B17 /* flix_demo_03Tests */ = {
			isa = PBXNativeTarget;
			buildConfigurationList = 98218F9A202276F500D65B17 /* Build configuration list for PBXNativeTarget "flix_demo_03Tests" */;
			buildPhases = (
				98218F7F202276F500D65B17 /* Sources */,
				98218F80202276F500D65B17 /* Frameworks */,
				98218F81202276F500D65B17 /* Resources */,
			);
			buildRules = (
			);
			dependencies = (
				98218F85202276F500D65B17 /* PBXTargetDependency */,
			);
			name = flix_demo_03Tests;
			productName = flix_demo_03Tests;
			productReference = 98218F83202276F500D65B17 /* flix_demo_03Tests.xctest */;
			productType = "com.apple.product-type.bundle.unit-test";
		};
		98218F8D202276F500D65B17 /* flix_demo_03UITests */ = {
			isa = PBXNativeTarget;
			buildConfigurationList = 98218F9D202276F500D65B17 /* Build configuration list for PBXNativeTarget "flix_demo_03UITests" */;
			buildPhases = (
				98218F8A202276F500D65B17 /* Sources */,
				98218F8B202276F500D65B17 /* Frameworks */,
				98218F8C202276F500D65B17 /* Resources */,
			);
			buildRules = (
			);
			dependencies = (
				98218F90202276F500D65B17 /* PBXTargetDependency */,
			);
			name = flix_demo_03UITests;
			productName = flix_demo_03UITests;
			productReference = 98218F8E202276F500D65B17 /* flix_demo_03UITests.xctest */;
			productType = "com.apple.product-type.bundle.ui-testing";
		};
/* End PBXNativeTarget section */

/* Begin PBXProject section */
		98218F67202276F400D65B17 /* Project object */ = {
			isa = PBXProject;
			attributes = {
				LastSwiftUpdateCheck = 0920;
				LastUpgradeCheck = 0920;
				ORGANIZATIONNAME = "Carlos Huizar-Valenzuela";
				TargetAttributes = {
					98218F6E202276F400D65B17 = {
						CreatedOnToolsVersion = 9.2;
						ProvisioningStyle = Automatic;
					};
					98218F82202276F500D65B17 = {
						CreatedOnToolsVersion = 9.2;
						ProvisioningStyle = Automatic;
						TestTargetID = 98218F6E202276F400D65B17;
					};
					98218F8D202276F500D65B17 = {
						CreatedOnToolsVersion = 9.2;
						ProvisioningStyle = Automatic;
						TestTargetID = 98218F6E202276F400D65B17;
					};
				};
			};
			buildConfigurationList = 98218F6A202276F400D65B17 /* Build configuration list for PBXProject "flix_demo_03" */;
			compatibilityVersion = "Xcode 8.0";
			developmentRegion = en;
			hasScannedForEncodings = 0;
			knownRegions = (
				en,
				Base,
			);
			mainGroup = 98218F66202276F400D65B17;
			productRefGroup = 98218F70202276F400D65B17 /* Products */;
			projectDirPath = "";
			projectRoot = "";
			targets = (
				98218F6E202276F400D65B17 /* flix_demo_03 */,
				98218F82202276F500D65B17 /* flix_demo_03Tests */,
				98218F8D202276F500D65B17 /* flix_demo_03UITests */,
			);
		};
/* End PBXProject section */

/* Begin PBXResourcesBuildPhase section */
		98218F6D202276F400D65B17 /* Resources */ = {
			isa = PBXResourcesBuildPhase;
			buildActionMask = 2147483647;
			files = (
				98218F7D202276F500D65B17 /* LaunchScreen.storyboard in Resources */,
				98218F7A202276F500D65B17 /* Assets.xcassets in Resources */,
				98218F78202276F500D65B17 /* Main.storyboard in Resources */,
			);
			runOnlyForDeploymentPostprocessing = 0;
		};
		98218F81202276F500D65B17 /* Resources */ = {
			isa = PBXResourcesBuildPhase;
			buildActionMask = 2147483647;
			files = (
			);
			runOnlyForDeploymentPostprocessing = 0;
		};
		98218F8C202276F500D65B17 /* Resources */ = {
			isa = PBXResourcesBuildPhase;
			buildActionMask = 2147483647;
			files = (
			);
			runOnlyForDeploymentPostprocessing = 0;
		};
/* End PBXResourcesBuildPhase section */

/* Begin PBXSourcesBuildPhase section */
		98218F6B202276F400D65B17 /* Sources */ = {
			isa = PBXSourcesBuildPhase;
			buildActionMask = 2147483647;
			files = (
				98218F75202276F400D65B17 /* ViewController.swift in Sources */,
				98218F73202276F400D65B17 /* AppDelegate.swift in Sources */,
			);
			runOnlyForDeploymentPostprocessing = 0;
		};
		98218F7F202276F500D65B17 /* Sources */ = {
			isa = PBXSourcesBuildPhase;
			buildActionMask = 2147483647;
			files = (
				98218F88202276F500D65B17 /* flix_demo_03Tests.swift in Sources */,
			);
			runOnlyForDeploymentPostprocessing = 0;
		};
		98218F8A202276F500D65B17 /* Sources */ = {
			isa = PBXSourcesBuildPhase;
			buildActionMask = 2147483647;
			files = (
				98218F93202276F500D65B17 /* flix_demo_03UITests.swift in Sources */,
			);
			runOnlyForDeploymentPostprocessing = 0;
		};
/* End PBXSourcesBuildPhase section */

/* Begin PBXTargetDependency section */
		98218F85202276F500D65B17 /* PBXTargetDependency */ = {
			isa = PBXTargetDependency;
			target = 98218F6E202276F400D65B17 /* flix_demo_03 */;
			targetProxy = 98218F84202276F500D65B17 /* PBXContainerItemProxy */;
		};
		98218F90202276F500D65B17 /* PBXTargetDependency */ = {
			isa = PBXTargetDependency;
			target = 98218F6E202276F400D65B17 /* flix_demo_03 */;
			targetProxy = 98218F8F202276F500D65B17 /* PBXContainerItemProxy */;
		};
/* End PBXTargetDependency section */

/* Begin PBXVariantGroup section */
		98218F76202276F500D65B17 /* Main.storyboard */ = {
			isa = PBXVariantGroup;
			children = (
				98218F77202276F500D65B17 /* Base */,
			);
			name = Main.storyboard;
			sourceTree = "<group>";
		};
		98218F7B202276F500D65B17 /* LaunchScreen.storyboard */ = {
			isa = PBXVariantGroup;
			children = (
				98218F7C202276F500D65B17 /* Base */,
			);
			name = LaunchScreen.storyboard;
			sourceTree = "<group>";
		};
/* End PBXVariantGroup section */

/* Begin XCBuildConfiguration section */
		98218F95202276F500D65B17 /* Debug */ = {
			isa = XCBuildConfiguration;
			buildSettings = {
				ALWAYS_SEARCH_USER_PATHS = NO;
				CLANG_ANALYZER_NONNULL = YES;
				CLANG_ANALYZER_NUMBER_OBJECT_CONVERSION = YES_AGGRESSIVE;
				CLANG_CXX_LANGUAGE_STANDARD = "gnu++14";
				CLANG_CXX_LIBRARY = "libc++";
				CLANG_ENABLE_MODULES = YES;
				CLANG_ENABLE_OBJC_ARC = YES;
				CLANG_WARN_BLOCK_CAPTURE_AUTORELEASING = YES;
				CLANG_WARN_BOOL_CONVERSION = YES;
				CLANG_WARN_COMMA = YES;
				CLANG_WARN_CONSTANT_CONVERSION = YES;
				CLANG_WARN_DIRECT_OBJC_ISA_USAGE = YES_ERROR;
				CLANG_WARN_DOCUMENTATION_COMMENTS = YES;
				CLANG_WARN_EMPTY_BODY = YES;
				CLANG_WARN_ENUM_CONVERSION = YES;
				CLANG_WARN_INFINITE_RECURSION = YES;
				CLANG_WARN_INT_CONVERSION = YES;
				CLANG_WARN_NON_LITERAL_NULL_CONVERSION = YES;
				CLANG_WARN_OBJC_LITERAL_CONVERSION = YES;
				CLANG_WARN_OBJC_ROOT_CLASS = YES_ERROR;
				CLANG_WARN_RANGE_LOOP_ANALYSIS = YES;
				CLANG_WARN_STRICT_PROTOTYPES = YES;
				CLANG_WARN_SUSPICIOUS_MOVE = YES;
				CLANG_WARN_UNGUARDED_AVAILABILITY = YES_AGGRESSIVE;
				CLANG_WARN_UNREACHABLE_CODE = YES;
				CLANG_WARN__DUPLICATE_METHOD_MATCH = YES;
				CODE_SIGN_IDENTITY = "iPhone Developer";
				COPY_PHASE_STRIP = NO;
				DEBUG_INFORMATION_FORMAT = dwarf;
				ENABLE_STRICT_OBJC_MSGSEND = YES;
				ENABLE_TESTABILITY = YES;
				GCC_C_LANGUAGE_STANDARD = gnu11;
				GCC_DYNAMIC_NO_PIC = NO;
				GCC_NO_COMMON_BLOCKS = YES;
				GCC_OPTIMIZATION_LEVEL = 0;
				GCC_PREPROCESSOR_DEFINITIONS = (
					"DEBUG=1",
					"$(inherited)",
				);
				GCC_WARN_64_TO_32_BIT_CONVERSION = YES;
				GCC_WARN_ABOUT_RETURN_TYPE = YES_ERROR;
				GCC_WARN_UNDECLARED_SELECTOR = YES;
				GCC_WARN_UNINITIALIZED_AUTOS = YES_AGGRESSIVE;
				GCC_WARN_UNUSED_FUNCTION = YES;
				GCC_WARN_UNUSED_VARIABLE = YES;
				IPHONEOS_DEPLOYMENT_TARGET = 11.2;
				MTL_ENABLE_DEBUG_INFO = YES;
				ONLY_ACTIVE_ARCH = YES;
				SDKROOT = iphoneos;
				SWIFT_ACTIVE_COMPILATION_CONDITIONS = DEBUG;
				SWIFT_OPTIMIZATION_LEVEL = "-Onone";
			};
			name = Debug;
		};
		98218F96202276F500D65B17 /* Release */ = {
			isa = XCBuildConfiguration;
			buildSettings = {
				ALWAYS_SEARCH_USER_PATHS = NO;
				CLANG_ANALYZER_NONNULL = YES;
				CLANG_ANALYZER_NUMBER_OBJECT_CONVERSION = YES_AGGRESSIVE;
				CLANG_CXX_LANGUAGE_STANDARD = "gnu++14";
				CLANG_CXX_LIBRARY = "libc++";
				CLANG_ENABLE_MODULES = YES;
				CLANG_ENABLE_OBJC_ARC = YES;
				CLANG_WARN_BLOCK_CAPTURE_AUTORELEASING = YES;
				CLANG_WARN_BOOL_CONVERSION = YES;
				CLANG_WARN_COMMA = YES;
				CLANG_WARN_CONSTANT_CONVERSION = YES;
				CLANG_WARN_DIRECT_OBJC_ISA_USAGE = YES_ERROR;
				CLANG_WARN_DOCUMENTATION_COMMENTS = YES;
				CLANG_WARN_EMPTY_BODY = YES;
				CLANG_WARN_ENUM_CONVERSION = YES;
				CLANG_WARN_INFINITE_RECURSION = YES;
				CLANG_WARN_INT_CONVERSION = YES;
				CLANG_WARN_NON_LITERAL_NULL_CONVERSION = YES;
				CLANG_WARN_OBJC_LITERAL_CONVERSION = YES;
				CLANG_WARN_OBJC_ROOT_CLASS = YES_ERROR;
				CLANG_WARN_RANGE_LOOP_ANALYSIS = YES;
				CLANG_WARN_STRICT_PROTOTYPES = YES;
				CLANG_WARN_SUSPICIOUS_MOVE = YES;
				CLANG_WARN_UNGUARDED_AVAILABILITY = YES_AGGRESSIVE;
				CLANG_WARN_UNREACHABLE_CODE = YES;
				CLANG_WARN__DUPLICATE_METHOD_MATCH = YES;
				CODE_SIGN_IDENTITY = "iPhone Developer";
				COPY_PHASE_STRIP = NO;
				DEBUG_INFORMATION_FORMAT = "dwarf-with-dsym";
				ENABLE_NS_ASSERTIONS = NO;
				ENABLE_STRICT_OBJC_MSGSEND = YES;
				GCC_C_LANGUAGE_STANDARD = gnu11;
				GCC_NO_COMMON_BLOCKS = YES;
				GCC_WARN_64_TO_32_BIT_CONVERSION = YES;
				GCC_WARN_ABOUT_RETURN_TYPE = YES_ERROR;
				GCC_WARN_UNDECLARED_SELECTOR = YES;
				GCC_WARN_UNINITIALIZED_AUTOS = YES_AGGRESSIVE;
				GCC_WARN_UNUSED_FUNCTION = YES;
				GCC_WARN_UNUSED_VARIABLE = YES;
				IPHONEOS_DEPLOYMENT_TARGET = 11.2;
				MTL_ENABLE_DEBUG_INFO = NO;
				SDKROOT = iphoneos;
				SWIFT_OPTIMIZATION_LEVEL = "-Owholemodule";
				VALIDATE_PRODUCT = YES;
			};
			name = Release;
		};
		98218F98202276F500D65B17 /* Debug */ = {
			isa = XCBuildConfiguration;
			buildSettings = {
				ASSETCATALOG_COMPILER_APPICON_NAME = AppIcon;
				CODE_SIGN_STYLE = Automatic;
				INFOPLIST_FILE = flix_demo_03/Info.plist;
				LD_RUNPATH_SEARCH_PATHS = "$(inherited) @executable_path/Frameworks";
				PRODUCT_BUNDLE_IDENTIFIER = "com.codepath.flix-demo-03";
				PRODUCT_NAME = "$(TARGET_NAME)";
				SWIFT_VERSION = 4.0;
				TARGETED_DEVICE_FAMILY = "1,2";
			};
			name = Debug;
		};
		98218F99202276F500D65B17 /* Release */ = {
			isa = XCBuildConfiguration;
			buildSettings = {
				ASSETCATALOG_COMPILER_APPICON_NAME = AppIcon;
				CODE_SIGN_STYLE = Automatic;
				INFOPLIST_FILE = flix_demo_03/Info.plist;
				LD_RUNPATH_SEARCH_PATHS = "$(inherited) @executable_path/Frameworks";
				PRODUCT_BUNDLE_IDENTIFIER = "com.codepath.flix-demo-03";
				PRODUCT_NAME = "$(TARGET_NAME)";
				SWIFT_VERSION = 4.0;
				TARGETED_DEVICE_FAMILY = "1,2";
			};
			name = Release;
		};
		98218F9B202276F500D65B17 /* Debug */ = {
			isa = XCBuildConfiguration;
			buildSettings = {
				ALWAYS_EMBED_SWIFT_STANDARD_LIBRARIES = YES;
				BUNDLE_LOADER = "$(TEST_HOST)";
				CODE_SIGN_STYLE = Automatic;
				INFOPLIST_FILE = flix_demo_03Tests/Info.plist;
				LD_RUNPATH_SEARCH_PATHS = "$(inherited) @executable_path/Frameworks @loader_path/Frameworks";
				PRODUCT_BUNDLE_IDENTIFIER = "com.codepath.flix-demo-03Tests";
				PRODUCT_NAME = "$(TARGET_NAME)";
				SWIFT_VERSION = 4.0;
				TARGETED_DEVICE_FAMILY = "1,2";
				TEST_HOST = "$(BUILT_PRODUCTS_DIR)/flix_demo_03.app/flix_demo_03";
			};
			name = Debug;
		};
		98218F9C202276F500D65B17 /* Release */ = {
			isa = XCBuildConfiguration;
			buildSettings = {
				ALWAYS_EMBED_SWIFT_STANDARD_LIBRARIES = YES;
				BUNDLE_LOADER = "$(TEST_HOST)";
				CODE_SIGN_STYLE = Automatic;
				INFOPLIST_FILE = flix_demo_03Tests/Info.plist;
				LD_RUNPATH_SEARCH_PATHS = "$(inherited) @executable_path/Frameworks @loader_path/Frameworks";
				PRODUCT_BUNDLE_IDENTIFIER = "com.codepath.flix-demo-03Tests";
				PRODUCT_NAME = "$(TARGET_NAME)";
				SWIFT_VERSION = 4.0;
				TARGETED_DEVICE_FAMILY = "1,2";
				TEST_HOST = "$(BUILT_PRODUCTS_DIR)/flix_demo_03.app/flix_demo_03";
			};
			name = Release;
		};
		98218F9E202276F500D65B17 /* Debug */ = {
			isa = XCBuildConfiguration;
			buildSettings = {
				ALWAYS_EMBED_SWIFT_STANDARD_LIBRARIES = YES;
				CODE_SIGN_STYLE = Automatic;
				INFOPLIST_FILE = flix_demo_03UITests/Info.plist;
				LD_RUNPATH_SEARCH_PATHS = "$(inherited) @executable_path/Frameworks @loader_path/Frameworks";
				PRODUCT_BUNDLE_IDENTIFIER = "com.codepath.flix-demo-03UITests";
				PRODUCT_NAME = "$(TARGET_NAME)";
				SWIFT_VERSION = 4.0;
				TARGETED_DEVICE_FAMILY = "1,2";
				TEST_TARGET_NAME = flix_demo_03;
			};
			name = Debug;
		};
		98218F9F202276F500D65B17 /* Release */ = {
			isa = XCBuildConfiguration;
			buildSettings = {
				ALWAYS_EMBED_SWIFT_STANDARD_LIBRARIES = YES;
				CODE_SIGN_STYLE = Automatic;
				INFOPLIST_FILE = flix_demo_03UITests/Info.plist;
				LD_RUNPATH_SEARCH_PATHS = "$(inherited) @executable_path/Frameworks @loader_path/Frameworks";
				PRODUCT_BUNDLE_IDENTIFIER = "com.codepath.flix-demo-03UITests";
				PRODUCT_NAME = "$(TARGET_NAME)";
				SWIFT_VERSION = 4.0;
				TARGETED_DEVICE_FAMILY = "1,2";
				TEST_TARGET_NAME = flix_demo_03;
			};
			name = Release;
		};
/* End XCBuildConfiguration section */

/* Begin XCConfigurationList section */
		98218F6A202276F400D65B17 /* Build configuration list for PBXProject "flix_demo_03" */ = {
			isa = XCConfigurationList;
			buildConfigurations = (
				98218F95202276F500D65B17 /* Debug */,
				98218F96202276F500D65B17 /* Release */,
			);
			defaultConfigurationIsVisible = 0;
			defaultConfigurationName = Release;
		};
		98218F97202276F500D65B17 /* Build configuration list for PBXNativeTarget "flix_demo_03" */ = {
			isa = XCConfigurationList;
			buildConfigurations = (
				98218F98202276F500D65B17 /* Debug */,
				98218F99202276F500D65B17 /* Release */,
			);
			defaultConfigurationIsVisible = 0;
			defaultConfigurationName = Release;
		};
		98218F9A202276F500D65B17 /* Build configuration list for PBXNativeTarget "flix_demo_03Tests" */ = {
			isa = XCConfigurationList;
			buildConfigurations = (
				98218F9B202276F500D65B17 /* Debug */,
				98218F9C202276F500D65B17 /* Release */,
			);
			defaultConfigurationIsVisible = 0;
			defaultConfigurationName = Release;
		};
		98218F9D202276F500D65B17 /* Build configuration list for PBXNativeTarget "flix_demo_03UITests" */ = {
			isa = XCConfigurationList;
			buildConfigurations = (
				98218F9E202276F500D65B17 /* Debug */,
				98218F9F202276F500D65B17 /* Release */,
			);
			defaultConfigurationIsVisible = 0;
			defaultConfigurationName = Release;
		};
/* End XCConfigurationList section */
	};
	rootObject = 98218F67202276F400D65B17 /* Project object */;
}
